
Microsoft Visual Studio Solution File, Format Version 12.00
# Visual Studio Version 16
VisualStudioVersion = 16.0.31729.503
MinimumVisualStudioVersion = 10.0.40219.1
Project("{F184B08F-C81C-45F6-A57F-5ABD9991F28F}") = "PointLib", "PointLib\PointLib.vbproj", "{8AF66A85-3868-45D4-B624-8CD6EE86AE2E}"
EndProject
Project("{FAE04EC0-301F-11D3-BF4B-00C04F79EFBC}") = "FormsApp", "FormsApp\FormsApp.csproj", "{9622B993-BAB6-4D18-BDE7-2F70C153A726}"
EndProject
Global
	GlobalSection(SolutionConfigurationPlatforms) = preSolution
		Debug|Any CPU = Debug|Any CPU
		Release|Any CPU = Release|Any CPU
	EndGlobalSection
	GlobalSection(ProjectConfigurationPlatforms) = postSolution
		{8AF66A85-3868-45D4-B624-8CD6EE86AE2E}.Debug|Any CPU.ActiveCfg = Debug|Any CPU
		{8AF66A85-3868-45D4-B624-8CD6EE86AE2E}.Debug|Any CPU.Build.0 = Debug|Any CPU
		{8AF66A85-3868-45D4-B624-8CD6EE86AE2E}.Release|Any CPU.ActiveCfg = Release|Any CPU
		{8AF66A85-3868-45D4-B624-8CD6EE86AE2E}.Release|Any CPU.Build.0 = Release|Any CPU
		{9622B993-BAB6-4D18-BDE7-2F70C153A726}.Debug|Any CPU.ActiveCfg = Debug|Any CPU
		{9622B993-BAB6-4D18-BDE7-2F70C153A726}.Debug|Any CPU.Build.0 = Debug|Any CPU
		{9622B993-BAB6-4D18-BDE7-2F70C153A726}.Release|Any CPU.ActiveCfg = Release|Any CPU
		{9622B993-BAB6-4D18-BDE7-2F70C153A726}.Release|Any CPU.Build.0 = Release|Any CPU
	EndGlobalSection
	GlobalSection(SolutionProperties) = preSolution
		HideSolutionNode = FALSE
	EndGlobalSection
	GlobalSection(ExtensibilityGlobals) = postSolution
		SolutionGuid = {7C5F3EFE-0033-4D81-9E92-D6C72A0B84AE}
	EndGlobalSection
EndGlobal
